
Microsoft Visual Studio Solution File, Format Version 12.00
# Visual Studio 15
VisualStudioVersion = 15.0.28307.106
MinimumVisualStudioVersion = 10.0.40219.1
Project("{FAE04EC0-301F-11D3-BF4B-00C04F79EFBC}") = "DatabaseInterface", "DatabaseInterface\DatabaseInterface.csproj", "{20989D93-F949-42CE-950E-D8B5A25E52D3}"
EndProject
Project("{54435603-DBB4-11D2-8724-00A0C9A8B90C}") = "DatabaseToolSetup", "DatabaseToolSetup\DatabaseToolSetup.vdproj", "{96BEB690-25FB-41BE-A63F-06C05618E13A}"
EndProject
Global
	GlobalSection(SolutionConfigurationPlatforms) = preSolution
		Debug|Any CPU = Debug|Any CPU
		Release|Any CPU = Release|Any CPU
	EndGlobalSection
	GlobalSection(ProjectConfigurationPlatforms) = postSolution
		{20989D93-F949-42CE-950E-D8B5A25E52D3}.Debug|Any CPU.ActiveCfg = Debug|Any CPU
		{20989D93-F949-42CE-950E-D8B5A25E52D3}.Debug|Any CPU.Build.0 = Debug|Any CPU
		{20989D93-F949-42CE-950E-D8B5A25E52D3}.Release|Any CPU.ActiveCfg = Release|Any CPU
		{20989D93-F949-42CE-950E-D8B5A25E52D3}.Release|Any CPU.Build.0 = Release|Any CPU
		{96BEB690-25FB-41BE-A63F-06C05618E13A}.Debug|Any CPU.ActiveCfg = Debug
		{96BEB690-25FB-41BE-A63F-06C05618E13A}.Debug|Any CPU.Build.0 = Debug
		{96BEB690-25FB-41BE-A63F-06C05618E13A}.Release|Any CPU.ActiveCfg = Release
		{96BEB690-25FB-41BE-A63F-06C05618E13A}.Release|Any CPU.Build.0 = Release
	EndGlobalSection
	GlobalSection(SolutionProperties) = preSolution
		HideSolutionNode = FALSE
	EndGlobalSection
	GlobalSection(ExtensibilityGlobals) = postSolution
		SolutionGuid = {DEC2BBC7-AAB9-490F-9412-DD2307D5DDF2}
	EndGlobalSection
EndGlobal
